// !$*UTF8*$!
{
	archiveVersion = 1;
	classes = {
	};
	objectVersion = 46;
	objects = {

/* Begin PBXBuildFile section */
		BB03B0E419C6495B00365906 /* tony.jpg in Resources */ = {isa = PBXBuildFile; fileRef = BB03B0E019C6495B00365906 /* tony.jpg */; };
		BB03B0E519C6495B00365906 /* joey.jpg in Resources */ = {isa = PBXBuildFile; fileRef = BB03B0E119C6495B00365906 /* joey.jpg */; };
		BB03B0E619C6495B00365906 /* carl.jpg in Resources */ = {isa = PBXBuildFile; fileRef = BB03B0E219C6495B00365906 /* carl.jpg */; };
		BB03B0E719C6495B00365906 /* nick.jpg in Resources */ = {isa = PBXBuildFile; fileRef = BB03B0E319C6495B00365906 /* nick.jpg */; };
		BB7350BE19BA5AD70073650F /* TimelineViewController.swift in Sources */ = {isa = PBXBuildFile; fileRef = BB7350BD19BA5AD70073650F /* TimelineViewController.swift */; };
		BB7350C119BA5BB40073650F /* TimelineCell.swift in Sources */ = {isa = PBXBuildFile; fileRef = BB7350BF19BA5BB40073650F /* TimelineCell.swift */; };
		BB7350C219BA5BB40073650F /* TimelineCell.xib in Resources */ = {isa = PBXBuildFile; fileRef = BB7350C019BA5BB40073650F /* TimelineCell.xib */; };
		BB81081019B52ADD00B362A5 /* AppDelegate.swift in Sources */ = {isa = PBXBuildFile; fileRef = BB81080F19B52ADD00B362A5 /* AppDelegate.swift */; };
		BB81081219B52ADD00B362A5 /* ViewController.swift in Sources */ = {isa = PBXBuildFile; fileRef = BB81081119B52ADD00B362A5 /* ViewController.swift */; };
		BB81081519B52ADD00B362A5 /* Main.storyboard in Resources */ = {isa = PBXBuildFile; fileRef = BB81081319B52ADD00B362A5 /* Main.storyboard */; };
		BB81081719B52ADD00B362A5 /* Images.xcassets in Resources */ = {isa = PBXBuildFile; fileRef = BB81081619B52ADD00B362A5 /* Images.xcassets */; };
		BB81082319B52ADD00B362A5 /* SandCrabTests.swift in Sources */ = {isa = PBXBuildFile; fileRef = BB81082219B52ADD00B362A5 /* SandCrabTests.swift */; };
		BB81082E19B5410100B362A5 /* ChatCell.swift in Sources */ = {isa = PBXBuildFile; fileRef = BB81082C19B5410100B362A5 /* ChatCell.swift */; };
		BB81082F19B5410100B362A5 /* ChatCell.xib in Resources */ = {isa = PBXBuildFile; fileRef = BB81082D19B5410100B362A5 /* ChatCell.xib */; };
		BB81083219B598B900B362A5 /* LeaderboardCell.swift in Sources */ = {isa = PBXBuildFile; fileRef = BB81083019B598B900B362A5 /* LeaderboardCell.swift */; };
		BB81083319B598B900B362A5 /* LeaderboardCell.xib in Resources */ = {isa = PBXBuildFile; fileRef = BB81083119B598B900B362A5 /* LeaderboardCell.xib */; };
		BBAFE9DA19C918E0007AA7AD /* Models.swift in Sources */ = {isa = PBXBuildFile; fileRef = BBAFE9D919C918E0007AA7AD /* Models.swift */; };
/* End PBXBuildFile section */

/* Begin PBXContainerItemProxy section */
		BB81081D19B52ADD00B362A5 /* PBXContainerItemProxy */ = {
			isa = PBXContainerItemProxy;
			containerPortal = BB81080219B52ADD00B362A5 /* Project object */;
			proxyType = 1;
			remoteGlobalIDString = BB81080919B52ADD00B362A5;
			remoteInfo = SandCrab;
		};
/* End PBXContainerItemProxy section */

/* Begin PBXFileReference section */
		BB03B0E019C6495B00365906 /* tony.jpg */ = {isa = PBXFileReference; lastKnownFileType = image.jpeg; path = tony.jpg; sourceTree = "<group>"; };
		BB03B0E119C6495B00365906 /* joey.jpg */ = {isa = PBXFileReference; lastKnownFileType = image.jpeg; path = joey.jpg; sourceTree = "<group>"; };
		BB03B0E219C6495B00365906 /* carl.jpg */ = {isa = PBXFileReference; lastKnownFileType = image.jpeg; path = carl.jpg; sourceTree = "<group>"; };
		BB03B0E319C6495B00365906 /* nick.jpg */ = {isa = PBXFileReference; lastKnownFileType = image.jpeg; path = nick.jpg; sourceTree = "<group>"; };
		BB7350BD19BA5AD70073650F /* TimelineViewController.swift */ = {isa = PBXFileReference; fileEncoding = 4; lastKnownFileType = sourcecode.swift; name = TimelineViewController.swift; path = ../TimelineViewController.swift; sourceTree = "<group>"; };
		BB7350BF19BA5BB40073650F /* TimelineCell.swift */ = {isa = PBXFileReference; fileEncoding = 4; lastKnownFileType = sourcecode.swift; path = TimelineCell.swift; sourceTree = "<group>"; };
		BB7350C019BA5BB40073650F /* TimelineCell.xib */ = {isa = PBXFileReference; fileEncoding = 4; lastKnownFileType = file.xib; path = TimelineCell.xib; sourceTree = "<group>"; };
		BB81080A19B52ADD00B362A5 /* SandCrab.app */ = {isa = PBXFileReference; explicitFileType = wrapper.application; includeInIndex = 0; path = SandCrab.app; sourceTree = BUILT_PRODUCTS_DIR; };
		BB81080E19B52ADD00B362A5 /* Info.plist */ = {isa = PBXFileReference; lastKnownFileType = text.plist.xml; path = Info.plist; sourceTree = "<group>"; };
		BB81080F19B52ADD00B362A5 /* AppDelegate.swift */ = {isa = PBXFileReference; lastKnownFileType = sourcecode.swift; path = AppDelegate.swift; sourceTree = "<group>"; };
		BB81081119B52ADD00B362A5 /* ViewController.swift */ = {isa = PBXFileReference; lastKnownFileType = sourcecode.swift; path = ViewController.swift; sourceTree = "<group>"; };
		BB81081419B52ADD00B362A5 /* Base */ = {isa = PBXFileReference; lastKnownFileType = file.storyboard; name = Base; path = Base.lproj/Main.storyboard; sourceTree = "<group>"; };
		BB81081619B52ADD00B362A5 /* Images.xcassets */ = {isa = PBXFileReference; lastKnownFileType = folder.assetcatalog; path = Images.xcassets; sourceTree = "<group>"; };
		BB81081C19B52ADD00B362A5 /* SandCrabTests.xctest */ = {isa = PBXFileReference; explicitFileType = wrapper.cfbundle; includeInIndex = 0; path = SandCrabTests.xctest; sourceTree = BUILT_PRODUCTS_DIR; };
		BB81082119B52ADD00B362A5 /* Info.plist */ = {isa = PBXFileReference; lastKnownFileType = text.plist.xml; path = Info.plist; sourceTree = "<group>"; };
		BB81082219B52ADD00B362A5 /* SandCrabTests.swift */ = {isa = PBXFileReference; lastKnownFileType = sourcecode.swift; path = SandCrabTests.swift; sourceTree = "<group>"; };
		BB81082C19B5410100B362A5 /* ChatCell.swift */ = {isa = PBXFileReference; fileEncoding = 4; lastKnownFileType = sourcecode.swift; path = ChatCell.swift; sourceTree = "<group>"; };
		BB81082D19B5410100B362A5 /* ChatCell.xib */ = {isa = PBXFileReference; fileEncoding = 4; lastKnownFileType = file.xib; path = ChatCell.xib; sourceTree = "<group>"; };
		BB81083019B598B900B362A5 /* LeaderboardCell.swift */ = {isa = PBXFileReference; fileEncoding = 4; lastKnownFileType = sourcecode.swift; path = LeaderboardCell.swift; sourceTree = "<group>"; };
		BB81083119B598B900B362A5 /* LeaderboardCell.xib */ = {isa = PBXFileReference; fileEncoding = 4; lastKnownFileType = file.xib; path = LeaderboardCell.xib; sourceTree = "<group>"; };
		BBAFE9D919C918E0007AA7AD /* Models.swift */ = {isa = PBXFileReference; fileEncoding = 4; lastKnownFileType = sourcecode.swift; path = Models.swift; sourceTree = "<group>"; };
/* End PBXFileReference section */

/* Begin PBXFrameworksBuildPhase section */
		BB81080719B52ADD00B362A5 /* Frameworks */ = {
			isa = PBXFrameworksBuildPhase;
			buildActionMask = 2147483647;
			files = (
			);
			runOnlyForDeploymentPostprocessing = 0;
		};
		BB81081919B52ADD00B362A5 /* Frameworks */ = {
			isa = PBXFrameworksBuildPhase;
			buildActionMask = 2147483647;
			files = (
			);
			runOnlyForDeploymentPostprocessing = 0;
		};
/* End PBXFrameworksBuildPhase section */

/* Begin PBXGroup section */
		BB81080119B52ADD00B362A5 = {
			isa = PBXGroup;
			children = (
				BB81080C19B52ADD00B362A5 /* SandCrab */,
				BB81081F19B52ADD00B362A5 /* SandCrabTests */,
				BB81080B19B52ADD00B362A5 /* Products */,
			);
			sourceTree = "<group>";
		};
		BB81080B19B52ADD00B362A5 /* Products */ = {
			isa = PBXGroup;
			children = (
				BB81080A19B52ADD00B362A5 /* SandCrab.app */,
				BB81081C19B52ADD00B362A5 /* SandCrabTests.xctest */,
			);
			name = Products;
			sourceTree = "<group>";
		};
		BB81080C19B52ADD00B362A5 /* SandCrab */ = {
			isa = PBXGroup;
			children = (
				BB81080F19B52ADD00B362A5 /* AppDelegate.swift */,
				BB7350BD19BA5AD70073650F /* TimelineViewController.swift */,
				BBAFE9D919C918E0007AA7AD /* Models.swift */,
				BB7350BF19BA5BB40073650F /* TimelineCell.swift */,
				BB7350C019BA5BB40073650F /* TimelineCell.xib */,
				BB81081119B52ADD00B362A5 /* ViewController.swift */,
				BB81081319B52ADD00B362A5 /* Main.storyboard */,
				BB81083019B598B900B362A5 /* LeaderboardCell.swift */,
				BB81083119B598B900B362A5 /* LeaderboardCell.xib */,
				BB81082C19B5410100B362A5 /* ChatCell.swift */,
				BB81082D19B5410100B362A5 /* ChatCell.xib */,
				BB81081619B52ADD00B362A5 /* Images.xcassets */,
				BB03B0E019C6495B00365906 /* tony.jpg */,
				BB03B0E119C6495B00365906 /* joey.jpg */,
				BB03B0E219C6495B00365906 /* carl.jpg */,
				BB03B0E319C6495B00365906 /* nick.jpg */,
				BB81080D19B52ADD00B362A5 /* Supporting Files */,
			);
			path = SandCrab;
			sourceTree = "<group>";
		};
		BB81080D19B52ADD00B362A5 /* Supporting Files */ = {
			isa = PBXGroup;
			children = (
				BB81080E19B52ADD00B362A5 /* Info.plist */,
			);
			name = "Supporting Files";
			sourceTree = "<group>";
		};
		BB81081F19B52ADD00B362A5 /* SandCrabTests */ = {
			isa = PBXGroup;
			children = (
				BB81082219B52ADD00B362A5 /* SandCrabTests.swift */,
				BB81082019B52ADD00B362A5 /* Supporting Files */,
			);
			path = SandCrabTests;
			sourceTree = "<group>";
		};
		BB81082019B52ADD00B362A5 /* Supporting Files */ = {
			isa = PBXGroup;
			children = (
				BB81082119B52ADD00B362A5 /* Info.plist */,
			);
			name = "Supporting Files";
			sourceTree = "<group>";
		};
/* End PBXGroup section */

/* Begin PBXNativeTarget section */
		BB81080919B52ADD00B362A5 /* SandCrab */ = {
			isa = PBXNativeTarget;
			buildConfigurationList = BB81082619B52ADD00B362A5 /* Build configuration list for PBXNativeTarget "SandCrab" */;
			buildPhases = (
				BB81080619B52ADD00B362A5 /* Sources */,
				BB81080719B52ADD00B362A5 /* Frameworks */,
				BB81080819B52ADD00B362A5 /* Resources */,
			);
			buildRules = (
			);
			dependencies = (
			);
			name = SandCrab;
			productName = SandCrab;
			productReference = BB81080A19B52ADD00B362A5 /* SandCrab.app */;
			productType = "com.apple.product-type.application";
		};
		BB81081B19B52ADD00B362A5 /* SandCrabTests */ = {
			isa = PBXNativeTarget;
			buildConfigurationList = BB81082919B52ADD00B362A5 /* Build configuration list for PBXNativeTarget "SandCrabTests" */;
			buildPhases = (
				BB81081819B52ADD00B362A5 /* Sources */,
				BB81081919B52ADD00B362A5 /* Frameworks */,
				BB81081A19B52ADD00B362A5 /* Resources */,
			);
			buildRules = (
			);
			dependencies = (
				BB81081E19B52ADD00B362A5 /* PBXTargetDependency */,
			);
			name = SandCrabTests;
			productName = SandCrabTests;
			productReference = BB81081C19B52ADD00B362A5 /* SandCrabTests.xctest */;
			productType = "com.apple.product-type.bundle.unit-test";
		};
/* End PBXNativeTarget section */

/* Begin PBXProject section */
		BB81080219B52ADD00B362A5 /* Project object */ = {
			isa = PBXProject;
			attributes = {
				LastUpgradeCheck = 0600;
				ORGANIZATIONNAME = "Sutro Labs";
				TargetAttributes = {
					BB81080919B52ADD00B362A5 = {
						CreatedOnToolsVersion = 6.0;
					};
					BB81081B19B52ADD00B362A5 = {
						CreatedOnToolsVersion = 6.0;
						TestTargetID = BB81080919B52ADD00B362A5;
					};
				};
			};
			buildConfigurationList = BB81080519B52ADD00B362A5 /* Build configuration list for PBXProject "SandCrab" */;
			compatibilityVersion = "Xcode 3.2";
			developmentRegion = English;
			hasScannedForEncodings = 0;
			knownRegions = (
				en,
				Base,
			);
			mainGroup = BB81080119B52ADD00B362A5;
			productRefGroup = BB81080B19B52ADD00B362A5 /* Products */;
			projectDirPath = "";
			projectRoot = "";
			targets = (
				BB81080919B52ADD00B362A5 /* SandCrab */,
				BB81081B19B52ADD00B362A5 /* SandCrabTests */,
			);
		};
/* End PBXProject section */

/* Begin PBXResourcesBuildPhase section */
		BB81080819B52ADD00B362A5 /* Resources */ = {
			isa = PBXResourcesBuildPhase;
			buildActionMask = 2147483647;
			files = (
				BB81081519B52ADD00B362A5 /* Main.storyboard in Resources */,
				BB03B0E619C6495B00365906 /* carl.jpg in Resources */,
				BB03B0E419C6495B00365906 /* tony.jpg in Resources */,
				BB81083319B598B900B362A5 /* LeaderboardCell.xib in Resources */,
				BB03B0E719C6495B00365906 /* nick.jpg in Resources */,
				BB7350C219BA5BB40073650F /* TimelineCell.xib in Resources */,
				BB81082F19B5410100B362A5 /* ChatCell.xib in Resources */,
				BB03B0E519C6495B00365906 /* joey.jpg in Resources */,
				BB81081719B52ADD00B362A5 /* Images.xcassets in Resources */,
			);
			runOnlyForDeploymentPostprocessing = 0;
		};
		BB81081A19B52ADD00B362A5 /* Resources */ = {
			isa = PBXResourcesBuildPhase;
			buildActionMask = 2147483647;
			files = (
			);
			runOnlyForDeploymentPostprocessing = 0;
		};
/* End PBXResourcesBuildPhase section */

/* Begin PBXSourcesBuildPhase section */
		BB81080619B52ADD00B362A5 /* Sources */ = {
			isa = PBXSourcesBuildPhase;
			buildActionMask = 2147483647;
			files = (
				BB7350C119BA5BB40073650F /* TimelineCell.swift in Sources */,
				BB81081219B52ADD00B362A5 /* ViewController.swift in Sources */,
				BB81083219B598B900B362A5 /* LeaderboardCell.swift in Sources */,
				BB81081019B52ADD00B362A5 /* AppDelegate.swift in Sources */,
				BB81082E19B5410100B362A5 /* ChatCell.swift in Sources */,
				BB7350BE19BA5AD70073650F /* TimelineViewController.swift in Sources */,
				BBAFE9DA19C918E0007AA7AD /* Models.swift in Sources */,
			);
			runOnlyForDeploymentPostprocessing = 0;
		};
		BB81081819B52ADD00B362A5 /* Sources */ = {
			isa = PBXSourcesBuildPhase;
			buildActionMask = 2147483647;
			files = (
				BB81082319B52ADD00B362A5 /* SandCrabTests.swift in Sources */,
			);
			runOnlyForDeploymentPostprocessing = 0;
		};
/* End PBXSourcesBuildPhase section */

/* Begin PBXTargetDependency section */
		BB81081E19B52ADD00B362A5 /* PBXTargetDependency */ = {
			isa = PBXTargetDependency;
			target = BB81080919B52ADD00B362A5 /* SandCrab */;
			targetProxy = BB81081D19B52ADD00B362A5 /* PBXContainerItemProxy */;
		};
/* End PBXTargetDependency section */

/* Begin PBXVariantGroup section */
		BB81081319B52ADD00B362A5 /* Main.storyboard */ = {
			isa = PBXVariantGroup;
			children = (
				BB81081419B52ADD00B362A5 /* Base */,
			);
			name = Main.storyboard;
			sourceTree = "<group>";
		};
/* End PBXVariantGroup section */

/* Begin XCBuildConfiguration section */
		BB81082419B52ADD00B362A5 /* Debug */ = {
			isa = XCBuildConfiguration;
			buildSettings = {
				ALWAYS_SEARCH_USER_PATHS = NO;
				CLANG_CXX_LANGUAGE_STANDARD = "gnu++0x";
				CLANG_CXX_LIBRARY = "libc++";
				CLANG_ENABLE_MODULES = YES;
				CLANG_ENABLE_OBJC_ARC = YES;
				CLANG_WARN_BOOL_CONVERSION = YES;
				CLANG_WARN_CONSTANT_CONVERSION = YES;
				CLANG_WARN_DIRECT_OBJC_ISA_USAGE = YES_ERROR;
				CLANG_WARN_EMPTY_BODY = YES;
				CLANG_WARN_ENUM_CONVERSION = YES;
				CLANG_WARN_INT_CONVERSION = YES;
				CLANG_WARN_OBJC_ROOT_CLASS = YES_ERROR;
				CLANG_WARN_UNREACHABLE_CODE = YES;
				CLANG_WARN__DUPLICATE_METHOD_MATCH = YES;
				"CODE_SIGN_IDENTITY[sdk=iphoneos*]" = "iPhone Developer";
				COPY_PHASE_STRIP = NO;
				ENABLE_STRICT_OBJC_MSGSEND = YES;
				GCC_C_LANGUAGE_STANDARD = gnu99;
				GCC_DYNAMIC_NO_PIC = NO;
				GCC_OPTIMIZATION_LEVEL = 0;
				GCC_PREPROCESSOR_DEFINITIONS = (
					"DEBUG=1",
					"$(inherited)",
				);
				GCC_SYMBOLS_PRIVATE_EXTERN = NO;
				GCC_WARN_64_TO_32_BIT_CONVERSION = YES;
				GCC_WARN_ABOUT_RETURN_TYPE = YES_ERROR;
				GCC_WARN_UNDECLARED_SELECTOR = YES;
				GCC_WARN_UNINITIALIZED_AUTOS = YES_AGGRESSIVE;
				GCC_WARN_UNUSED_FUNCTION = YES;
				GCC_WARN_UNUSED_VARIABLE = YES;
				IPHONEOS_DEPLOYMENT_TARGET = 8.0;
				MTL_ENABLE_DEBUG_INFO = YES;
				ONLY_ACTIVE_ARCH = YES;
				SDKROOT = iphoneos;
				SWIFT_OPTIMIZATION_LEVEL = "-Onone";
			};
			name = Debug;
		};
		BB81082519B52ADD00B362A5 /* Release */ = {
			isa = XCBuildConfiguration;
			buildSettings = {
				ALWAYS_SEARCH_USER_PATHS = NO;
				CLANG_CXX_LANGUAGE_STANDARD = "gnu++0x";
				CLANG_CXX_LIBRARY = "libc++";
				CLANG_ENABLE_MODULES = YES;
				CLANG_ENABLE_OBJC_ARC = YES;
				CLANG_WARN_BOOL_CONVERSION = YES;
				CLANG_WARN_CONSTANT_CONVERSION = YES;
				CLANG_WARN_DIRECT_OBJC_ISA_USAGE = YES_ERROR;
				CLANG_WARN_EMPTY_BODY = YES;
				CLANG_WARN_ENUM_CONVERSION = YES;
				CLANG_WARN_INT_CONVERSION = YES;
				CLANG_WARN_OBJC_ROOT_CLASS = YES_ERROR;
				CLANG_WARN_UNREACHABLE_CODE = YES;
				CLANG_WARN__DUPLICATE_METHOD_MATCH = YES;
				"CODE_SIGN_IDENTITY[sdk=iphoneos*]" = "iPhone Developer";
				COPY_PHASE_STRIP = YES;
				ENABLE_NS_ASSERTIONS = NO;
				ENABLE_STRICT_OBJC_MSGSEND = YES;
				GCC_C_LANGUAGE_STANDARD = gnu99;
				GCC_WARN_64_TO_32_BIT_CONVERSION = YES;
				GCC_WARN_ABOUT_RETURN_TYPE = YES_ERROR;
				GCC_WARN_UNDECLARED_SELECTOR = YES;
				GCC_WARN_UNINITIALIZED_AUTOS = YES_AGGRESSIVE;
				GCC_WARN_UNUSED_FUNCTION = YES;
				GCC_WARN_UNUSED_VARIABLE = YES;
				IPHONEOS_DEPLOYMENT_TARGET = 8.0;
				MTL_ENABLE_DEBUG_INFO = NO;
				SDKROOT = iphoneos;
				VALIDATE_PRODUCT = YES;
			};
			name = Release;
		};
		BB81082719B52ADD00B362A5 /* Debug */ = {
			isa = XCBuildConfiguration;
			buildSettings = {
				ASSETCATALOG_COMPILER_APPICON_NAME = AppIcon;
				ASSETCATALOG_COMPILER_LAUNCHIMAGE_NAME = LaunchImage;
				INFOPLIST_FILE = SandCrab/Info.plist;
				IPHONEOS_DEPLOYMENT_TARGET = 7.0;
				LD_RUNPATH_SEARCH_PATHS = "$(inherited) @executable_path/Frameworks";
				PRODUCT_NAME = "$(TARGET_NAME)";
			};
			name = Debug;
		};
		BB81082819B52ADD00B362A5 /* Release */ = {
			isa = XCBuildConfiguration;
			buildSettings = {
				ASSETCATALOG_COMPILER_APPICON_NAME = AppIcon;
				ASSETCATALOG_COMPILER_LAUNCHIMAGE_NAME = LaunchImage;
				INFOPLIST_FILE = SandCrab/Info.plist;
				IPHONEOS_DEPLOYMENT_TARGET = 7.0;
				LD_RUNPATH_SEARCH_PATHS = "$(inherited) @executable_path/Frameworks";
				PRODUCT_NAME = "$(TARGET_NAME)";
			};
			name = Release;
		};
		BB81082A19B52ADD00B362A5 /* Debug */ = {
			isa = XCBuildConfiguration;
			buildSettings = {
				BUNDLE_LOADER = "$(TEST_HOST)";
				FRAMEWORK_SEARCH_PATHS = (
					"$(SDKROOT)/Developer/Library/Frameworks",
					"$(inherited)",
				);
				GCC_PREPROCESSOR_DEFINITIONS = (
					"DEBUG=1",
					"$(inherited)",
				);
				INFOPLIST_FILE = SandCrabTests/Info.plist;
				LD_RUNPATH_SEARCH_PATHS = "$(inherited) @executable_path/Frameworks @loader_path/Frameworks";
				PRODUCT_NAME = "$(TARGET_NAME)";
				TEST_HOST = "$(BUILT_PRODUCTS_DIR)/SandCrab.app/SandCrab";
			};
			name = Debug;
		};
		BB81082B19B52ADD00B362A5 /* Release */ = {
			isa = XCBuildConfiguration;
			buildSettings = {
				BUNDLE_LOADER = "$(TEST_HOST)";
				FRAMEWORK_SEARCH_PATHS = (
					"$(SDKROOT)/Developer/Library/Frameworks",
					"$(inherited)",
				);
				INFOPLIST_FILE = SandCrabTests/Info.plist;
				LD_RUNPATH_SEARCH_PATHS = "$(inherited) @executable_path/Frameworks @loader_path/Frameworks";
				PRODUCT_NAME = "$(TARGET_NAME)";
				TEST_HOST = "$(BUILT_PRODUCTS_DIR)/SandCrab.app/SandCrab";
			};
			name = Release;
		};
/* End XCBuildConfiguration section */

/* Begin XCConfigurationList section */
		BB81080519B52ADD00B362A5 /* Build configuration list for PBXProject "SandCrab" */ = {
			isa = XCConfigurationList;
			buildConfigurations = (
				BB81082419B52ADD00B362A5 /* Debug */,
				BB81082519B52ADD00B362A5 /* Release */,
			);
			defaultConfigurationIsVisible = 0;
			defaultConfigurationName = Release;
		};
		BB81082619B52ADD00B362A5 /* Build configuration list for PBXNativeTarget "SandCrab" */ = {
			isa = XCConfigurationList;
			buildConfigurations = (
				BB81082719B52ADD00B362A5 /* Debug */,
				BB81082819B52ADD00B362A5 /* Release */,
			);
			defaultConfigurationIsVisible = 0;
			defaultConfigurationName = Release;
		};
		BB81082919B52ADD00B362A5 /* Build configuration list for PBXNativeTarget "SandCrabTests" */ = {
			isa = XCConfigurationList;
			buildConfigurations = (
				BB81082A19B52ADD00B362A5 /* Debug */,
				BB81082B19B52ADD00B362A5 /* Release */,
			);
			defaultConfigurationIsVisible = 0;
			defaultConfigurationName = Release;
		};
/* End XCConfigurationList section */
	};
	rootObject = BB81080219B52ADD00B362A5 /* Project object */;
}
